
Microsoft Visual Studio Solution File, Format Version 12.00
# Visual Studio Version 16
VisualStudioVersion = 16.0.30523.141
MinimumVisualStudioVersion = 10.0.40219.1
Project("{FAE04EC0-301F-11D3-BF4B-00C04F79EFBC}") = "SocialMedia.Api", "SocialMedia.Api\SocialMedia.Api.csproj", "{80B3148B-4B93-4014-B40A-6829E7D5A265}"
EndProject
Project("{FAE04EC0-301F-11D3-BF4B-00C04F79EFBC}") = "SocialMedia.Core", "SocialMedia.Core\SocialMedia.Core.csproj", "{1FCD8697-45C2-4D89-828D-7EE20E3DF412}"
EndProject
Project("{FAE04EC0-301F-11D3-BF4B-00C04F79EFBC}") = "SocialMedia.Infrastructure", "SocialMedia.Infrastructure\SocialMedia.Infrastructure.csproj", "{45D95011-CEFC-4B24-921B-FC1CC208FC04}"
EndProject
Project("{2150E333-8FDC-42A3-9474-1A3956D46DE8}") = "Test", "Test", "{FEA36467-316D-40B3-91B8-F2B63F57EC25}"
EndProject
Project("{FAE04EC0-301F-11D3-BF4B-00C04F79EFBC}") = "SocialMedia.UnitTest", "SocialMedia.UnitTest\SocialMedia.UnitTest.csproj", "{3820C79D-9737-48D6-BE34-8EA6A7461B7E}"
EndProject
Project("{FAE04EC0-301F-11D3-BF4B-00C04F79EFBC}") = "SocialMedia.IntegrationTests", "SocialMedia.IntegrationTests\SocialMedia.IntegrationTests.csproj", "{4F424981-BCBE-47EE-8980-A99D4E7AB382}"
EndProject
Global
	GlobalSection(SolutionConfigurationPlatforms) = preSolution
		Debug|Any CPU = Debug|Any CPU
		Release|Any CPU = Release|Any CPU
	EndGlobalSection
	GlobalSection(ProjectConfigurationPlatforms) = postSolution
		{80B3148B-4B93-4014-B40A-6829E7D5A265}.Debug|Any CPU.ActiveCfg = Debug|Any CPU
		{80B3148B-4B93-4014-B40A-6829E7D5A265}.Debug|Any CPU.Build.0 = Debug|Any CPU
		{80B3148B-4B93-4014-B40A-6829E7D5A265}.Release|Any CPU.ActiveCfg = Release|Any CPU
		{80B3148B-4B93-4014-B40A-6829E7D5A265}.Release|Any CPU.Build.0 = Release|Any CPU
		{1FCD8697-45C2-4D89-828D-7EE20E3DF412}.Debug|Any CPU.ActiveCfg = Debug|Any CPU
		{1FCD8697-45C2-4D89-828D-7EE20E3DF412}.Debug|Any CPU.Build.0 = Debug|Any CPU
		{1FCD8697-45C2-4D89-828D-7EE20E3DF412}.Release|Any CPU.ActiveCfg = Release|Any CPU
		{1FCD8697-45C2-4D89-828D-7EE20E3DF412}.Release|Any CPU.Build.0 = Release|Any CPU
		{45D95011-CEFC-4B24-921B-FC1CC208FC04}.Debug|Any CPU.ActiveCfg = Debug|Any CPU
		{45D95011-CEFC-4B24-921B-FC1CC208FC04}.Debug|Any CPU.Build.0 = Debug|Any CPU
		{45D95011-CEFC-4B24-921B-FC1CC208FC04}.Release|Any CPU.ActiveCfg = Release|Any CPU
		{45D95011-CEFC-4B24-921B-FC1CC208FC04}.Release|Any CPU.Build.0 = Release|Any CPU
		{3820C79D-9737-48D6-BE34-8EA6A7461B7E}.Debug|Any CPU.ActiveCfg = Debug|Any CPU
		{3820C79D-9737-48D6-BE34-8EA6A7461B7E}.Debug|Any CPU.Build.0 = Debug|Any CPU
		{3820C79D-9737-48D6-BE34-8EA6A7461B7E}.Release|Any CPU.ActiveCfg = Release|Any CPU
		{3820C79D-9737-48D6-BE34-8EA6A7461B7E}.Release|Any CPU.Build.0 = Release|Any CPU
		{4F424981-BCBE-47EE-8980-A99D4E7AB382}.Debug|Any CPU.ActiveCfg = Debug|Any CPU
		{4F424981-BCBE-47EE-8980-A99D4E7AB382}.Debug|Any CPU.Build.0 = Debug|Any CPU
		{4F424981-BCBE-47EE-8980-A99D4E7AB382}.Release|Any CPU.ActiveCfg = Release|Any CPU
		{4F424981-BCBE-47EE-8980-A99D4E7AB382}.Release|Any CPU.Build.0 = Release|Any CPU
	EndGlobalSection
	GlobalSection(SolutionProperties) = preSolution
		HideSolutionNode = FALSE
	EndGlobalSection
	GlobalSection(NestedProjects) = preSolution
		{3820C79D-9737-48D6-BE34-8EA6A7461B7E} = {FEA36467-316D-40B3-91B8-F2B63F57EC25}
		{4F424981-BCBE-47EE-8980-A99D4E7AB382} = {FEA36467-316D-40B3-91B8-F2B63F57EC25}
	EndGlobalSection
	GlobalSection(ExtensibilityGlobals) = postSolution
		SolutionGuid = {F1A54624-430B-4481-AC67-7A050BA30B59}
	EndGlobalSection
EndGlobal
